Microsoft Visual Studio Solution File, Format Version 12.00
# Visual Studio Version 17
VisualStudioVersion = 17.0.31903.59
MinimumVisualStudioVersion = 10.0.40219.1
Project("{FAE04EC0-301F-11D3-BF4B-00C04F79EFBC}") = "CodexLanguageFix", "src\CodexLanguageFix\CodexLanguageFix.csproj", "{D50ADDD5-5429-4D5F-BC5A-83D1AE23D70F}"
EndProject
Project("{FAE04EC0-301F-11D3-BF4B-00C04F79EFBC}") = "CodexLanguageFix.Tests", "tests\CodexLanguageFix.Tests\CodexLanguageFix.Tests.csproj", "{B48396D8-26EB-42C1-AF7F-DBBBF36E34DD}"
EndProject
Global
	GlobalSection(SolutionConfigurationPlatforms) = preSolution
		Debug|Any CPU = Debug|Any CPU
		Release|Any CPU = Release|Any CPU
	EndGlobalSection
	GlobalSection(ProjectConfigurationPlatforms) = postSolution
		{D50ADDD5-5429-4D5F-BC5A-83D1AE23D70F}.Debug|Any CPU.ActiveCfg = Debug|Any CPU
		{D50ADDD5-5429-4D5F-BC5A-83D1AE23D70F}.Debug|Any CPU.Build.0 = Debug|Any CPU
		{D50ADDD5-5429-4D5F-BC5A-83D1AE23D70F}.Release|Any CPU.ActiveCfg = Release|Any CPU
		{D50ADDD5-5429-4D5F-BC5A-83D1AE23D70F}.Release|Any CPU.Build.0 = Release|Any CPU
		{B48396D8-26EB-42C1-AF7F-DBBBF36E34DD}.Debug|Any CPU.ActiveCfg = Debug|Any CPU
		{B48396D8-26EB-42C1-AF7F-DBBBF36E34DD}.Debug|Any CPU.Build.0 = Debug|Any CPU
		{B48396D8-26EB-42C1-AF7F-DBBBF36E34DD}.Release|Any CPU.ActiveCfg = Release|Any CPU
		{B48396D8-26EB-42C1-AF7F-DBBBF36E34DD}.Release|Any CPU.Build.0 = Release|Any CPU
	EndGlobalSection
EndGlobal
